// !$*UTF8*$!
{
	archiveVersion = 1;
	classes = {
	};
	objectVersion = 56;
	objects = {

/* Begin PBXBuildFile section */
		A49ED7FE2970269F00008316 /* CardModel.swift in Sources */ = {isa = PBXBuildFile; fileRef = A49ED7FD2970269F00008316 /* CardModel.swift */; };
		A49ED8012970278F00008316 /* FindCoupleGame.swift in Sources */ = {isa = PBXBuildFile; fileRef = A49ED8002970278F00008316 /* FindCoupleGame.swift */; };
		A4B0E3C8296EE53F0078FA03 /* AppDelegate.swift in Sources */ = {isa = PBXBuildFile; fileRef = A4B0E3C7296EE53F0078FA03 /* AppDelegate.swift */; };
		A4B0E3CA296EE53F0078FA03 /* SceneDelegate.swift in Sources */ = {isa = PBXBuildFile; fileRef = A4B0E3C9296EE53F0078FA03 /* SceneDelegate.swift */; };
		A4B0E3CC296EE53F0078FA03 /* ViewController.swift in Sources */ = {isa = PBXBuildFile; fileRef = A4B0E3CB296EE53F0078FA03 /* ViewController.swift */; };
		A4B0E3CF296EE53F0078FA03 /* Main.storyboard in Resources */ = {isa = PBXBuildFile; fileRef = A4B0E3CD296EE53F0078FA03 /* Main.storyboard */; };
		A4B0E3D1296EE5410078FA03 /* Assets.xcassets in Resources */ = {isa = PBXBuildFile; fileRef = A4B0E3D0296EE5410078FA03 /* Assets.xcassets */; };
		A4B0E3D4296EE5410078FA03 /* LaunchScreen.storyboard in Resources */ = {isa = PBXBuildFile; fileRef = A4B0E3D2296EE5410078FA03 /* LaunchScreen.storyboard */; };
/* End PBXBuildFile section */

/* Begin PBXFileReference section */
		A49ED7FD2970269F00008316 /* CardModel.swift */ = {isa = PBXFileReference; lastKnownFileType = sourcecode.swift; path = CardModel.swift; sourceTree = "<group>"; };
		A49ED8002970278F00008316 /* FindCoupleGame.swift */ = {isa = PBXFileReference; lastKnownFileType = sourcecode.swift; path = FindCoupleGame.swift; sourceTree = "<group>"; };
		A4B0E3C4296EE53F0078FA03 /* Find Couple.app */ = {isa = PBXFileReference; explicitFileType = wrapper.application; includeInIndex = 0; path = "Find Couple.app"; sourceTree = BUILT_PRODUCTS_DIR; };
		A4B0E3C7296EE53F0078FA03 /* AppDelegate.swift */ = {isa = PBXFileReference; lastKnownFileType = sourcecode.swift; path = AppDelegate.swift; sourceTree = "<group>"; };
		A4B0E3C9296EE53F0078FA03 /* SceneDelegate.swift */ = {isa = PBXFileReference; lastKnownFileType = sourcecode.swift; path = SceneDelegate.swift; sourceTree = "<group>"; };
		A4B0E3CB296EE53F0078FA03 /* ViewController.swift */ = {isa = PBXFileReference; lastKnownFileType = sourcecode.swift; path = ViewController.swift; sourceTree = "<group>"; };
		A4B0E3CE296EE53F0078FA03 /* Base */ = {isa = PBXFileReference; lastKnownFileType = file.storyboard; name = Base; path = Base.lproj/Main.storyboard; sourceTree = "<group>"; };
		A4B0E3D0296EE5410078FA03 /* Assets.xcassets */ = {isa = PBXFileReference; lastKnownFileType = folder.assetcatalog; path = Assets.xcassets; sourceTree = "<group>"; };
		A4B0E3D3296EE5410078FA03 /* Base */ = {isa = PBXFileReference; lastKnownFileType = file.storyboard; name = Base; path = Base.lproj/LaunchScreen.storyboard; sourceTree = "<group>"; };
		A4B0E3D5296EE5410078FA03 /* Info.plist */ = {isa = PBXFileReference; lastKnownFileType = text.plist.xml; path = Info.plist; sourceTree = "<group>"; };
/* End PBXFileReference section */

/* Begin PBXFrameworksBuildPhase section */
		A4B0E3C1296EE53F0078FA03 /* Frameworks */ = {
			isa = PBXFrameworksBuildPhase;
			buildActionMask = 2147483647;
			files = (
			);
			runOnlyForDeploymentPostprocessing = 0;
		};
/* End PBXFrameworksBuildPhase section */

/* Begin PBXGroup section */
		A49ED7FF297026C400008316 /* CardModel */ = {
			isa = PBXGroup;
			children = (
				A49ED7FD2970269F00008316 /* CardModel.swift */,
				A49ED8002970278F00008316 /* FindCoupleGame.swift */,
			);
			path = CardModel;
			sourceTree = "<group>";
		};
		A4B0E3BB296EE53F0078FA03 = {
			isa = PBXGroup;
			children = (
				A4B0E3C6296EE53F0078FA03 /* Find Couple */,
				A4B0E3C5296EE53F0078FA03 /* Products */,
			);
			sourceTree = "<group>";
		};
		A4B0E3C5296EE53F0078FA03 /* Products */ = {
			isa = PBXGroup;
			children = (
				A4B0E3C4296EE53F0078FA03 /* Find Couple.app */,
			);
			name = Products;
			sourceTree = "<group>";
		};
		A4B0E3C6296EE53F0078FA03 /* Find Couple */ = {
			isa = PBXGroup;
			children = (
				A49ED7FF297026C400008316 /* CardModel */,
				A4B0E3C7296EE53F0078FA03 /* AppDelegate.swift */,
				A4B0E3C9296EE53F0078FA03 /* SceneDelegate.swift */,
				A4B0E3CB296EE53F0078FA03 /* ViewController.swift */,
				A4B0E3CD296EE53F0078FA03 /* Main.storyboard */,
				A4B0E3D0296EE5410078FA03 /* Assets.xcassets */,
				A4B0E3D2296EE5410078FA03 /* LaunchScreen.storyboard */,
				A4B0E3D5296EE5410078FA03 /* Info.plist */,
			);
			path = "Find Couple";
			sourceTree = "<group>";
		};
/* End PBXGroup section */

/* Begin PBXNativeTarget section */
		A4B0E3C3296EE53F0078FA03 /* Find Couple */ = {
			isa = PBXNativeTarget;
			buildConfigurationList = A4B0E3D8296EE5410078FA03 /* Build configuration list for PBXNativeTarget "Find Couple" */;
			buildPhases = (
				A4B0E3C0296EE53F0078FA03 /* Sources */,
				A4B0E3C1296EE53F0078FA03 /* Frameworks */,
				A4B0E3C2296EE53F0078FA03 /* Resources */,
			);
			buildRules = (
			);
			dependencies = (
			);
			name = "Find Couple";
			productName = "Find Couple";
			productReference = A4B0E3C4296EE53F0078FA03 /* Find Couple.app */;
			productType = "com.apple.product-type.application";
		};
/* End PBXNativeTarget section */

/* Begin PBXProject section */
		A4B0E3BC296EE53F0078FA03 /* Project object */ = {
			isa = PBXProject;
			attributes = {
				BuildIndependentTargetsInParallel = 1;
				LastSwiftUpdateCheck = 1400;
				LastUpgradeCheck = 1400;
				TargetAttributes = {
					A4B0E3C3296EE53F0078FA03 = {
						CreatedOnToolsVersion = 14.0.1;
					};
				};
			};
			buildConfigurationList = A4B0E3BF296EE53F0078FA03 /* Build configuration list for PBXProject "Find Couple" */;
			compatibilityVersion = "Xcode 14.0";
			developmentRegion = en;
			hasScannedForEncodings = 0;
			knownRegions = (
				en,
				Base,
			);
			mainGroup = A4B0E3BB296EE53F0078FA03;
			productRefGroup = A4B0E3C5296EE53F0078FA03 /* Products */;
			projectDirPath = "";
			projectRoot = "";
			targets = (
				A4B0E3C3296EE53F0078FA03 /* Find Couple */,
			);
		};
/* End PBXProject section */

/* Begin PBXResourcesBuildPhase section */
		A4B0E3C2296EE53F0078FA03 /* Resources */ = {
			isa = PBXResourcesBuildPhase;
			buildActionMask = 2147483647;
			files = (
				A4B0E3D4296EE5410078FA03 /* LaunchScreen.storyboard in Resources */,
				A4B0E3D1296EE5410078FA03 /* Assets.xcassets in Resources */,
				A4B0E3CF296EE53F0078FA03 /* Main.storyboard in Resources */,
			);
			runOnlyForDeploymentPostprocessing = 0;
		};
/* End PBXResourcesBuildPhase section */

/* Begin PBXSourcesBuildPhase section */
		A4B0E3C0296EE53F0078FA03 /* Sources */ = {
			isa = PBXSourcesBuildPhase;
			buildActionMask = 2147483647;
			files = (
				A4B0E3CC296EE53F0078FA03 /* ViewController.swift in Sources */,
				A49ED7FE2970269F00008316 /* CardModel.swift in Sources */,
				A4B0E3C8296EE53F0078FA03 /* AppDelegate.swift in Sources */,
				A4B0E3CA296EE53F0078FA03 /* SceneDelegate.swift in Sources */,
				A49ED8012970278F00008316 /* FindCoupleGame.swift in Sources */,
			);
			runOnlyForDeploymentPostprocessing = 0;
		};
/* End PBXSourcesBuildPhase section */

/* Begin PBXVariantGroup section */
		A4B0E3CD296EE53F0078FA03 /* Main.storyboard */ = {
			isa = PBXVariantGroup;
			children = (
				A4B0E3CE296EE53F0078FA03 /* Base */,
			);
			name = Main.storyboard;
			sourceTree = "<group>";
		};
		A4B0E3D2296EE5410078FA03 /* LaunchScreen.storyboard */ = {
			isa = PBXVariantGroup;
			children = (
				A4B0E3D3296EE5410078FA03 /* Base */,
			);
			name = LaunchScreen.storyboard;
			sourceTree = "<group>";
		};
/* End PBXVariantGroup section */

/* Begin XCBuildConfiguration section */
		A4B0E3D6296EE5410078FA03 /* Debug */ = {
			isa = XCBuildConfiguration;
			buildSettings = {
				ALWAYS_SEARCH_USER_PATHS = NO;
				CLANG_ANALYZER_NONNULL = YES;
				CLANG_ANALYZER_NUMBER_OBJECT_CONVERSION = YES_AGGRESSIVE;
				CLANG_CXX_LANGUAGE_STANDARD = "gnu++20";
				CLANG_ENABLE_MODULES = YES;
				CLANG_ENABLE_OBJC_ARC = YES;
				CLANG_ENABLE_OBJC_WEAK = YES;
				CLANG_WARN_BLOCK_CAPTURE_AUTORELEASING = YES;
				CLANG_WARN_BOOL_CONVERSION = YES;
				CLANG_WARN_COMMA = YES;
				CLANG_WARN_CONSTANT_CONVERSION = YES;
				CLANG_WARN_DEPRECATED_OBJC_IMPLEMENTATIONS = YES;
				CLANG_WARN_DIRECT_OBJC_ISA_USAGE = YES_ERROR;
				CLANG_WARN_DOCUMENTATION_COMMENTS = YES;
				CLANG_WARN_EMPTY_BODY = YES;
				CLANG_WARN_ENUM_CONVERSION = YES;
				CLANG_WARN_INFINITE_RECURSION = YES;
				CLANG_WARN_INT_CONVERSION = YES;
				CLANG_WARN_NON_LITERAL_NULL_CONVERSION = YES;
				CLANG_WARN_OBJC_IMPLICIT_RETAIN_SELF = YES;
				CLANG_WARN_OBJC_LITERAL_CONVERSION = YES;
				CLANG_WARN_OBJC_ROOT_CLASS = YES_ERROR;
				CLANG_WARN_QUOTED_INCLUDE_IN_FRAMEWORK_HEADER = YES;
				CLANG_WARN_RANGE_LOOP_ANALYSIS = YES;
				CLANG_WARN_STRICT_PROTOTYPES = YES;
				CLANG_WARN_SUSPICIOUS_MOVE = YES;
				CLANG_WARN_UNGUARDED_AVAILABILITY = YES_AGGRESSIVE;
				CLANG_WARN_UNREACHABLE_CODE = YES;
				CLANG_WARN__DUPLICATE_METHOD_MATCH = YES;
				COPY_PHASE_STRIP = NO;
				DEBUG_INFORMATION_FORMAT = dwarf;
				ENABLE_STRICT_OBJC_MSGSEND = YES;
				ENABLE_TESTABILITY = YES;
				GCC_C_LANGUAGE_STANDARD = gnu11;
				GCC_DYNAMIC_NO_PIC = NO;
				GCC_NO_COMMON_BLOCKS = YES;
				GCC_OPTIMIZATION_LEVEL = 0;
				GCC_PREPROCESSOR_DEFINITIONS = (
					"DEBUG=1",
					"$(inherited)",
				);
				GCC_WARN_64_TO_32_BIT_CONVERSION = YES;
				GCC_WARN_ABOUT_RETURN_TYPE = YES_ERROR;
				GCC_WARN_UNDECLARED_SELECTOR = YES;
				GCC_WARN_UNINITIALIZED_AUTOS = YES_AGGRESSIVE;
				GCC_WARN_UNUSED_FUNCTION = YES;
				GCC_WARN_UNUSED_VARIABLE = YES;
				IPHONEOS_DEPLOYMENT_TARGET = 16.0;
				MTL_ENABLE_DEBUG_INFO = INCLUDE_SOURCE;
				MTL_FAST_MATH = YES;
				ONLY_ACTIVE_ARCH = YES;
				SDKROOT = iphoneos;
				SWIFT_ACTIVE_COMPILATION_CONDITIONS = DEBUG;
				SWIFT_OPTIMIZATION_LEVEL = "-Onone";
			};
			name = Debug;
		};
		A4B0E3D7296EE5410078FA03 /* Release */ = {
			isa = XCBuildConfiguration;
			buildSettings = {
				ALWAYS_SEARCH_USER_PATHS = NO;
				CLANG_ANALYZER_NONNULL = YES;
				CLANG_ANALYZER_NUMBER_OBJECT_CONVERSION = YES_AGGRESSIVE;
				CLANG_CXX_LANGUAGE_STANDARD = "gnu++20";
				CLANG_ENABLE_MODULES = YES;
				CLANG_ENABLE_OBJC_ARC = YES;
				CLANG_ENABLE_OBJC_WEAK = YES;
				CLANG_WARN_BLOCK_CAPTURE_AUTORELEASING = YES;
				CLANG_WARN_BOOL_CONVERSION = YES;
				CLANG_WARN_COMMA = YES;
				CLANG_WARN_CONSTANT_CONVERSION = YES;
				CLANG_WARN_DEPRECATED_OBJC_IMPLEMENTATIONS = YES;
				CLANG_WARN_DIRECT_OBJC_ISA_USAGE = YES_ERROR;
				CLANG_WARN_DOCUMENTATION_COMMENTS = YES;
				CLANG_WARN_EMPTY_BODY = YES;
				CLANG_WARN_ENUM_CONVERSION = YES;
				CLANG_WARN_INFINITE_RECURSION = YES;
				CLANG_WARN_INT_CONVERSION = YES;
				CLANG_WARN_NON_LITERAL_NULL_CONVERSION = YES;
				CLANG_WARN_OBJC_IMPLICIT_RETAIN_SELF = YES;
				CLANG_WARN_OBJC_LITERAL_CONVERSION = YES;
				CLANG_WARN_OBJC_ROOT_CLASS = YES_ERROR;
				CLANG_WARN_QUOTED_INCLUDE_IN_FRAMEWORK_HEADER = YES;
				CLANG_WARN_RANGE_LOOP_ANALYSIS = YES;
				CLANG_WARN_STRICT_PROTOTYPES = YES;
				CLANG_WARN_SUSPICIOUS_MOVE = YES;
				CLANG_WARN_UNGUARDED_AVAILABILITY = YES_AGGRESSIVE;
				CLANG_WARN_UNREACHABLE_CODE = YES;
				CLANG_WARN__DUPLICATE_METHOD_MATCH = YES;
				COPY_PHASE_STRIP = NO;
				DEBUG_INFORMATION_FORMAT = "dwarf-with-dsym";
				ENABLE_NS_ASSERTIONS = NO;
				ENABLE_STRICT_OBJC_MSGSEND = YES;
				GCC_C_LANGUAGE_STANDARD = gnu11;
				GCC_NO_COMMON_BLOCKS = YES;
				GCC_WARN_64_TO_32_BIT_CONVERSION = YES;
				GCC_WARN_ABOUT_RETURN_TYPE = YES_ERROR;
				GCC_WARN_UNDECLARED_SELECTOR = YES;
				GCC_WARN_UNINITIALIZED_AUTOS = YES_AGGRESSIVE;
				GCC_WARN_UNUSED_FUNCTION = YES;
				GCC_WARN_UNUSED_VARIABLE = YES;
				IPHONEOS_DEPLOYMENT_TARGET = 16.0;
				MTL_ENABLE_DEBUG_INFO = NO;
				MTL_FAST_MATH = YES;
				SDKROOT = iphoneos;
				SWIFT_COMPILATION_MODE = wholemodule;
				SWIFT_OPTIMIZATION_LEVEL = "-O";
				VALIDATE_PRODUCT = YES;
			};
			name = Release;
		};
		A4B0E3D9296EE5410078FA03 /* Debug */ = {
			isa = XCBuildConfiguration;
			buildSettings = {
				ASSETCATALOG_COMPILER_APPICON_NAME = AppIcon;
				ASSETCATALOG_COMPILER_GLOBAL_ACCENT_COLOR_NAME = AccentColor;
				CODE_SIGN_STYLE = Automatic;
				CURRENT_PROJECT_VERSION = 1;
				GENERATE_INFOPLIST_FILE = YES;
				INFOPLIST_FILE = "Find Couple/Info.plist";
				INFOPLIST_KEY_UIApplicationSupportsIndirectInputEvents = YES;
				INFOPLIST_KEY_UILaunchStoryboardName = LaunchScreen;
				INFOPLIST_KEY_UIMainStoryboardFile = Main;
				INFOPLIST_KEY_UISupportedInterfaceOrientations_iPad = "UIInterfaceOrientationPortrait UIInterfaceOrientationPortraitUpsideDown UIInterfaceOrientationLandscapeLeft UIInterfaceOrientationLandscapeRight";
				INFOPLIST_KEY_UISupportedInterfaceOrientations_iPhone = "UIInterfaceOrientationPortrait UIInterfaceOrientationLandscapeLeft UIInterfaceOrientationLandscapeRight";
				LD_RUNPATH_SEARCH_PATHS = (
					"$(inherited)",
					"@executable_path/Frameworks",
				);
				MARKETING_VERSION = 1.0;
				PRODUCT_BUNDLE_IDENTIFIER = "kz.tami.Find-Couple";
				PRODUCT_NAME = "$(TARGET_NAME)";
				SWIFT_EMIT_LOC_STRINGS = YES;
				SWIFT_VERSION = 5.0;
				TARGETED_DEVICE_FAMILY = "1,2";
			};
			name = Debug;
		};
		A4B0E3DA296EE5410078FA03 /* Release */ = {
			isa = XCBuildConfiguration;
			buildSettings = {
				ASSETCATALOG_COMPILER_APPICON_NAME = AppIcon;
				ASSETCATALOG_COMPILER_GLOBAL_ACCENT_COLOR_NAME = AccentColor;
				CODE_SIGN_STYLE = Automatic;
				CURRENT_PROJECT_VERSION = 1;
				GENERATE_INFOPLIST_FILE = YES;
				INFOPLIST_FILE = "Find Couple/Info.plist";
				INFOPLIST_KEY_UIApplicationSupportsIndirectInputEvents = YES;
				INFOPLIST_KEY_UILaunchStoryboardName = LaunchScreen;
				INFOPLIST_KEY_UIMainStoryboardFile = Main;
				INFOPLIST_KEY_UISupportedInterfaceOrientations_iPad = "UIInterfaceOrientationPortrait UIInterfaceOrientationPortraitUpsideDown UIInterfaceOrientationLandscapeLeft UIInterfaceOrientationLandscapeRight";
				INFOPLIST_KEY_UISupportedInterfaceOrientations_iPhone = "UIInterfaceOrientationPortrait UIInterfaceOrientationLandscapeLeft UIInterfaceOrientationLandscapeRight";
				LD_RUNPATH_SEARCH_PATHS = (
					"$(inherited)",
					"@executable_path/Frameworks",
				);
				MARKETING_VERSION = 1.0;
				PRODUCT_BUNDLE_IDENTIFIER = "kz.tami.Find-Couple";
				PRODUCT_NAME = "$(TARGET_NAME)";
				SWIFT_EMIT_LOC_STRINGS = YES;
				SWIFT_VERSION = 5.0;
				TARGETED_DEVICE_FAMILY = "1,2";
			};
			name = Release;
		};
/* End XCBuildConfiguration section */

/* Begin XCConfigurationList section */
		A4B0E3BF296EE53F0078FA03 /* Build configuration list for PBXProject "Find Couple" */ = {
			isa = XCConfigurationList;
			buildConfigurations = (
				A4B0E3D6296EE5410078FA03 /* Debug */,
				A4B0E3D7296EE5410078FA03 /* Release */,
			);
			defaultConfigurationIsVisible = 0;
			defaultConfigurationName = Release;
		};
		A4B0E3D8296EE5410078FA03 /* Build configuration list for PBXNativeTarget "Find Couple" */ = {
			isa = XCConfigurationList;
			buildConfigurations = (
				A4B0E3D9296EE5410078FA03 /* Debug */,
				A4B0E3DA296EE5410078FA03 /* Release */,
			);
			defaultConfigurationIsVisible = 0;
			defaultConfigurationName = Release;
		};
/* End XCConfigurationList section */
	};
	rootObject = A4B0E3BC296EE53F0078FA03 /* Project object */;
}
